# This file is autogenerated, do not edit; changes may be undone by the next 'dep ensure'.


[[projects]]
  branch = "event_api_rpc"
  digest = "1:c87fee4b2bdf669651424f5a89ec0ae5c908838c478aaf5942b27525ce2cc040"
  name = "github.com/GoogleContainerTools/skaffold"
  packages = ["pkg/skaffold/event/proto"]
  pruneopts = "NUT"
  revision = "d1c798abcc882ad71677bf7c58f5efa9620a3c1c"
  source = "https://github.com/nkubala/skaffold.git"

[[projects]]
  branch = "master"
  digest = "1:f4ba27da46b849b5265769d63959c280823131e502bd6f5cc77541f5315c50fb"
  name = "github.com/golang/protobuf"
  packages = [
    "proto",
    "ptypes",
    "ptypes/any",
    "ptypes/duration",
    "ptypes/empty",
    "ptypes/timestamp",
  ]
  pruneopts = "NUT"
  revision = "c823c79ea1570fb5ff454033735a8e68575d1d0f"

[[projects]]
  branch = "master"
  digest = "1:a6a79ed9e0f2c1c18915d29a4a914a309ad92912e979f049ba4907131858a7ab"
  name = "golang.org/x/net"
  packages = [
    "http/httpguts",
    "http2",
    "http2/hpack",
    "idna",
    "internal/timeseries",
    "trace",
  ]
  pruneopts = "NUT"
  revision = "3a22650c66bd7f4fb6d1e8072ffd7b75c8a27898"

[[projects]]
  branch = "master"
  digest = "1:b1085269f659d40b582e254edea4b3ab5948e2e9b85669f0da05ef3469aac2ca"
  name = "golang.org/x/sys"
  packages = ["unix"]
  pruneopts = "NUT"
  revision = "629670e5acc5b3e069375d323404911dc8fe1d19"

[[projects]]
  digest = "1:e7071ed636b5422cc51c0e3a6cebc229d6c9fffc528814b519a980641422d619"
  name = "golang.org/x/text"
  packages = [
    "collate",
    "collate/build",
    "internal/colltab",
    "internal/gen",
    "internal/tag",
    "internal/triegen",
    "internal/ucd",
    "language",
    "secure/bidirule",
    "transform",
    "unicode/bidi",
    "unicode/cldr",
    "unicode/norm",
    "unicode/rangetable",
  ]
  pruneopts = "NUT"
  revision = "f21a4dfb5e38f5895301dc265a8def02365cc3d0"
  version = "v0.3.0"

[[projects]]
  branch = "master"
  digest = "1:077c1c599507b3b3e9156d17d36e1e61928ee9b53a5b420f10f28ebd4a0b275c"
  name = "google.golang.org/genproto"
  packages = ["googleapis/rpc/status"]
  pruneopts = "NUT"
  revision = "082222b4a5c572e33e82ee9162d1352c7cf38682"

[[projects]]
  branch = "master"
  digest = "1:96dd5f99242fd5dc233a3f05df9a94f57131d2cc3134b007b63d7f111d612763"
  name = "google.golang.org/grpc"
  packages = [
    ".",
    "balancer",
    "balancer/base",
    "balancer/roundrobin",
    "binarylog/grpc_binarylog_v1",
    "codes",
    "connectivity",
    "credentials",
    "credentials/internal",
    "encoding",
    "encoding/proto",
    "grpclog",
    "internal",
    "internal/backoff",
    "internal/binarylog",
    "internal/channelz",
    "internal/envconfig",
    "internal/grpcrand",
    "internal/grpcsync",
    "internal/syscall",
    "internal/transport",
    "keepalive",
    "metadata",
    "naming",
    "peer",
    "resolver",
    "resolver/dns",
    "resolver/passthrough",
    "stats",
    "status",
    "tap",
  ]
  pruneopts = "NUT"
  revision = "29c406a5bd0ed61c5752d00c6aabd9fa036ed328"

[solve-meta]
  analyzer-name = "dep"
  analyzer-version = 1
  input-imports = [
    "github.com/GoogleContainerTools/skaffold/pkg/skaffold/event/proto",
    "github.com/golang/protobuf/ptypes/empty",
    "google.golang.org/grpc",
  ]
  solver-name = "gps-cdcl"
  solver-version = 1
